
Microsoft Visual Studio Solution File, Format Version 12.00
# Visual Studio Version 17
VisualStudioVersion = 17.13.35931.197
MinimumVisualStudioVersion = 10.0.40219.1
Project("{FAE04EC0-301F-11D3-BF4B-00C04F79EFBC}") = "Tisztito", "Tisztito.csproj", "{B0779EAB-5BDA-4C9B-B526-D4307C47BECC}"
EndProject
Global
	GlobalSection(SolutionConfigurationPlatforms) = preSolution
		Debug|Any CPU = Debug|Any CPU
		Release|Any CPU = Release|Any CPU
	EndGlobalSection
	GlobalSection(ProjectConfigurationPlatforms) = postSolution
		{B0779EAB-5BDA-4C9B-B526-D4307C47BECC}.Debug|Any CPU.ActiveCfg = Debug|Any CPU
		{B0779EAB-5BDA-4C9B-B526-D4307C47BECC}.Debug|Any CPU.Build.0 = Debug|Any CPU
		{B0779EAB-5BDA-4C9B-B526-D4307C47BECC}.Release|Any CPU.ActiveCfg = Release|Any CPU
		{B0779EAB-5BDA-4C9B-B526-D4307C47BECC}.Release|Any CPU.Build.0 = Release|Any CPU
	EndGlobalSection
	GlobalSection(SolutionProperties) = preSolution
		HideSolutionNode = FALSE
	EndGlobalSection
	GlobalSection(ExtensibilityGlobals) = postSolution
		SolutionGuid = {D8691477-8B05-4981-8948-31C304C02B98}
	EndGlobalSection
EndGlobal
